
Microsoft Visual Studio Solution File, Format Version 12.00
# Visual Studio Version 16
VisualStudioVersion = 16.0.29519.87
MinimumVisualStudioVersion = 10.0.40219.1
Project("{FAE04EC0-301F-11D3-BF4B-00C04F79EFBC}") = "Oniqys.Proxy", "Oniqys.Proxy\Oniqys.Proxy.csproj", "{0C5EBB8E-D799-4F28-84FE-8FE32DDD36EB}"
EndProject
Project("{FAE04EC0-301F-11D3-BF4B-00C04F79EFBC}") = "Oniqys.Proxy.Test", "Oniqys.Proxy.Test\Oniqys.Proxy.Test.csproj", "{8673C850-F2A7-41D9-B647-4BA607E49087}"
EndProject
Global
	GlobalSection(SolutionConfigurationPlatforms) = preSolution
		Debug|Any CPU = Debug|Any CPU
		Release|Any CPU = Release|Any CPU
	EndGlobalSection
	GlobalSection(ProjectConfigurationPlatforms) = postSolution
		{0C5EBB8E-D799-4F28-84FE-8FE32DDD36EB}.Debug|Any CPU.ActiveCfg = Debug|Any CPU
		{0C5EBB8E-D799-4F28-84FE-8FE32DDD36EB}.Debug|Any CPU.Build.0 = Debug|Any CPU
		{0C5EBB8E-D799-4F28-84FE-8FE32DDD36EB}.Release|Any CPU.ActiveCfg = Release|Any CPU
		{0C5EBB8E-D799-4F28-84FE-8FE32DDD36EB}.Release|Any CPU.Build.0 = Release|Any CPU
		{8673C850-F2A7-41D9-B647-4BA607E49087}.Debug|Any CPU.ActiveCfg = Debug|Any CPU
		{8673C850-F2A7-41D9-B647-4BA607E49087}.Debug|Any CPU.Build.0 = Debug|Any CPU
		{8673C850-F2A7-41D9-B647-4BA607E49087}.Release|Any CPU.ActiveCfg = Release|Any CPU
		{8673C850-F2A7-41D9-B647-4BA607E49087}.Release|Any CPU.Build.0 = Release|Any CPU
	EndGlobalSection
	GlobalSection(SolutionProperties) = preSolution
		HideSolutionNode = FALSE
	EndGlobalSection
	GlobalSection(ExtensibilityGlobals) = postSolution
		SolutionGuid = {A2C89E30-BFD8-4C88-9BF9-AD149D980A46}
	EndGlobalSection
EndGlobal
